// !$*UTF8*$!
{
	archiveVersion = 1;
	classes = {
	};
	objectVersion = 50;
	objects = {

/* Begin PBXBuildFile section */
		84355C9E263C015500ACE3AB /* AppDelegate.swift in Sources */ = {isa = PBXBuildFile; fileRef = 84355C9D263C015500ACE3AB /* AppDelegate.swift */; };
		84355CA0263C015500ACE3AB /* SceneDelegate.swift in Sources */ = {isa = PBXBuildFile; fileRef = 84355C9F263C015500ACE3AB /* SceneDelegate.swift */; };
		84355CA2263C015500ACE3AB /* ViewController.swift in Sources */ = {isa = PBXBuildFile; fileRef = 84355CA1263C015500ACE3AB /* ViewController.swift */; };
		84355CA5263C015600ACE3AB /* Main.storyboard in Resources */ = {isa = PBXBuildFile; fileRef = 84355CA3263C015600ACE3AB /* Main.storyboard */; };
		84355CA7263C015E00ACE3AB /* Assets.xcassets in Resources */ = {isa = PBXBuildFile; fileRef = 84355CA6263C015E00ACE3AB /* Assets.xcassets */; };
		84355CAA263C015E00ACE3AB /* LaunchScreen.storyboard in Resources */ = {isa = PBXBuildFile; fileRef = 84355CA8263C015E00ACE3AB /* LaunchScreen.storyboard */; };
		84355CB7263C308D00ACE3AB /* CustomButton.swift in Sources */ = {isa = PBXBuildFile; fileRef = 84355CB6263C308D00ACE3AB /* CustomButton.swift */; };
/* End PBXBuildFile section */

/* Begin PBXFileReference section */
		84355C9A263C015500ACE3AB /* CaculatorApp.app */ = {isa = PBXFileReference; explicitFileType = wrapper.application; includeInIndex = 0; path = CaculatorApp.app; sourceTree = BUILT_PRODUCTS_DIR; };
		84355C9D263C015500ACE3AB /* AppDelegate.swift */ = {isa = PBXFileReference; lastKnownFileType = sourcecode.swift; path = AppDelegate.swift; sourceTree = "<group>"; };
		84355C9F263C015500ACE3AB /* SceneDelegate.swift */ = {isa = PBXFileReference; lastKnownFileType = sourcecode.swift; path = SceneDelegate.swift; sourceTree = "<group>"; };
		84355CA1263C015500ACE3AB /* ViewController.swift */ = {isa = PBXFileReference; lastKnownFileType = sourcecode.swift; path = ViewController.swift; sourceTree = "<group>"; };
		84355CA4263C015600ACE3AB /* Base */ = {isa = PBXFileReference; lastKnownFileType = file.storyboard; name = Base; path = Base.lproj/Main.storyboard; sourceTree = "<group>"; };
		84355CA6263C015E00ACE3AB /* Assets.xcassets */ = {isa = PBXFileReference; lastKnownFileType = folder.assetcatalog; path = Assets.xcassets; sourceTree = "<group>"; };
		84355CA9263C015E00ACE3AB /* Base */ = {isa = PBXFileReference; lastKnownFileType = file.storyboard; name = Base; path = Base.lproj/LaunchScreen.storyboard; sourceTree = "<group>"; };
		84355CAB263C015E00ACE3AB /* Info.plist */ = {isa = PBXFileReference; lastKnownFileType = text.plist.xml; path = Info.plist; sourceTree = "<group>"; };
		84355CB6263C308D00ACE3AB /* CustomButton.swift */ = {isa = PBXFileReference; lastKnownFileType = sourcecode.swift; path = CustomButton.swift; sourceTree = "<group>"; };
/* End PBXFileReference section */

/* Begin PBXFrameworksBuildPhase section */
		84355C97263C015500ACE3AB /* Frameworks */ = {
			isa = PBXFrameworksBuildPhase;
			buildActionMask = 2147483647;
			files = (
			);
			runOnlyForDeploymentPostprocessing = 0;
		};
/* End PBXFrameworksBuildPhase section */

/* Begin PBXGroup section */
		84355C91263C015500ACE3AB = {
			isa = PBXGroup;
			children = (
				84355C9C263C015500ACE3AB /* CaculatorApp */,
				84355C9B263C015500ACE3AB /* Products */,
			);
			sourceTree = "<group>";
		};
		84355C9B263C015500ACE3AB /* Products */ = {
			isa = PBXGroup;
			children = (
				84355C9A263C015500ACE3AB /* CaculatorApp.app */,
			);
			name = Products;
			sourceTree = "<group>";
		};
		84355C9C263C015500ACE3AB /* CaculatorApp */ = {
			isa = PBXGroup;
			children = (
				84355C9D263C015500ACE3AB /* AppDelegate.swift */,
				84355C9F263C015500ACE3AB /* SceneDelegate.swift */,
				84355CA1263C015500ACE3AB /* ViewController.swift */,
				84355CA3263C015600ACE3AB /* Main.storyboard */,
				84355CA6263C015E00ACE3AB /* Assets.xcassets */,
				84355CA8263C015E00ACE3AB /* LaunchScreen.storyboard */,
				84355CAB263C015E00ACE3AB /* Info.plist */,
				84355CB6263C308D00ACE3AB /* CustomButton.swift */,
			);
			path = CaculatorApp;
			sourceTree = "<group>";
		};
/* End PBXGroup section */

/* Begin PBXNativeTarget section */
		84355C99263C015500ACE3AB /* CaculatorApp */ = {
			isa = PBXNativeTarget;
			buildConfigurationList = 84355CAE263C015E00ACE3AB /* Build configuration list for PBXNativeTarget "CaculatorApp" */;
			buildPhases = (
				84355C96263C015500ACE3AB /* Sources */,
				84355C97263C015500ACE3AB /* Frameworks */,
				84355C98263C015500ACE3AB /* Resources */,
			);
			buildRules = (
			);
			dependencies = (
			);
			name = CaculatorApp;
			productName = CaculatorApp;
			productReference = 84355C9A263C015500ACE3AB /* CaculatorApp.app */;
			productType = "com.apple.product-type.application";
		};
/* End PBXNativeTarget section */

/* Begin PBXProject section */
		84355C92263C015500ACE3AB /* Project object */ = {
			isa = PBXProject;
			attributes = {
				LastSwiftUpdateCheck = 1240;
				LastUpgradeCheck = 1240;
				TargetAttributes = {
					84355C99263C015500ACE3AB = {
						CreatedOnToolsVersion = 12.4;
					};
				};
			};
			buildConfigurationList = 84355C95263C015500ACE3AB /* Build configuration list for PBXProject "CaculatorApp" */;
			compatibilityVersion = "Xcode 9.3";
			developmentRegion = en;
			hasScannedForEncodings = 0;
			knownRegions = (
				en,
				Base,
			);
			mainGroup = 84355C91263C015500ACE3AB;
			productRefGroup = 84355C9B263C015500ACE3AB /* Products */;
			projectDirPath = "";
			projectRoot = "";
			targets = (
				84355C99263C015500ACE3AB /* CaculatorApp */,
			);
		};
/* End PBXProject section */

/* Begin PBXResourcesBuildPhase section */
		84355C98263C015500ACE3AB /* Resources */ = {
			isa = PBXResourcesBuildPhase;
			buildActionMask = 2147483647;
			files = (
				84355CAA263C015E00ACE3AB /* LaunchScreen.storyboard in Resources */,
				84355CA7263C015E00ACE3AB /* Assets.xcassets in Resources */,
				84355CA5263C015600ACE3AB /* Main.storyboard in Resources */,
			);
			runOnlyForDeploymentPostprocessing = 0;
		};
/* End PBXResourcesBuildPhase section */

/* Begin PBXSourcesBuildPhase section */
		84355C96263C015500ACE3AB /* Sources */ = {
			isa = PBXSourcesBuildPhase;
			buildActionMask = 2147483647;
			files = (
				84355CB7263C308D00ACE3AB /* CustomButton.swift in Sources */,
				84355CA2263C015500ACE3AB /* ViewController.swift in Sources */,
				84355C9E263C015500ACE3AB /* AppDelegate.swift in Sources */,
				84355CA0263C015500ACE3AB /* SceneDelegate.swift in Sources */,
			);
			runOnlyForDeploymentPostprocessing = 0;
		};
/* End PBXSourcesBuildPhase section */

/* Begin PBXVariantGroup section */
		84355CA3263C015600ACE3AB /* Main.storyboard */ = {
			isa = PBXVariantGroup;
			children = (
				84355CA4263C015600ACE3AB /* Base */,
			);
			name = Main.storyboard;
			sourceTree = "<group>";
		};
		84355CA8263C015E00ACE3AB /* LaunchScreen.storyboard */ = {
			isa = PBXVariantGroup;
			children = (
				84355CA9263C015E00ACE3AB /* Base */,
			);
			name = LaunchScreen.storyboard;
			sourceTree = "<group>";
		};
/* End PBXVariantGroup section */

/* Begin XCBuildConfiguration section */
		84355CAC263C015E00ACE3AB /* Debug */ = {
			isa = XCBuildConfiguration;
			buildSettings = {
				ALWAYS_SEARCH_USER_PATHS = NO;
				CLANG_ANALYZER_NONNULL = YES;
				CLANG_ANALYZER_NUMBER_OBJECT_CONVERSION = YES_AGGRESSIVE;
				CLANG_CXX_LANGUAGE_STANDARD = "gnu++14";
				CLANG_CXX_LIBRARY = "libc++";
				CLANG_ENABLE_MODULES = YES;
				CLANG_ENABLE_OBJC_ARC = YES;
				CLANG_ENABLE_OBJC_WEAK = YES;
				CLANG_WARN_BLOCK_CAPTURE_AUTORELEASING = YES;
				CLANG_WARN_BOOL_CONVERSION = YES;
				CLANG_WARN_COMMA = YES;
				CLANG_WARN_CONSTANT_CONVERSION = YES;
				CLANG_WARN_DEPRECATED_OBJC_IMPLEMENTATIONS = YES;
				CLANG_WARN_DIRECT_OBJC_ISA_USAGE = YES_ERROR;
				CLANG_WARN_DOCUMENTATION_COMMENTS = YES;
				CLANG_WARN_EMPTY_BODY = YES;
				CLANG_WARN_ENUM_CONVERSION = YES;
				CLANG_WARN_INFINITE_RECURSION = YES;
				CLANG_WARN_INT_CONVERSION = YES;
				CLANG_WARN_NON_LITERAL_NULL_CONVERSION = YES;
				CLANG_WARN_OBJC_IMPLICIT_RETAIN_SELF = YES;
				CLANG_WARN_OBJC_LITERAL_CONVERSION = YES;
				CLANG_WARN_OBJC_ROOT_CLASS = YES_ERROR;
				CLANG_WARN_QUOTED_INCLUDE_IN_FRAMEWORK_HEADER = YES;
				CLANG_WARN_RANGE_LOOP_ANALYSIS = YES;
				CLANG_WARN_STRICT_PROTOTYPES = YES;
				CLANG_WARN_SUSPICIOUS_MOVE = YES;
				CLANG_WARN_UNGUARDED_AVAILABILITY = YES_AGGRESSIVE;
				CLANG_WARN_UNREACHABLE_CODE = YES;
				CLANG_WARN__DUPLICATE_METHOD_MATCH = YES;
				COPY_PHASE_STRIP = NO;
				DEBUG_INFORMATION_FORMAT = dwarf;
				ENABLE_STRICT_OBJC_MSGSEND = YES;
				ENABLE_TESTABILITY = YES;
				GCC_C_LANGUAGE_STANDARD = gnu11;
				GCC_DYNAMIC_NO_PIC = NO;
				GCC_NO_COMMON_BLOCKS = YES;
				GCC_OPTIMIZATION_LEVEL = 0;
				GCC_PREPROCESSOR_DEFINITIONS = (
					"DEBUG=1",
					"$(inherited)",
				);
				GCC_WARN_64_TO_32_BIT_CONVERSION = YES;
				GCC_WARN_ABOUT_RETURN_TYPE = YES_ERROR;
				GCC_WARN_UNDECLARED_SELECTOR = YES;
				GCC_WARN_UNINITIALIZED_AUTOS = YES_AGGRESSIVE;
				GCC_WARN_UNUSED_FUNCTION = YES;
				GCC_WARN_UNUSED_VARIABLE = YES;
				IPHONEOS_DEPLOYMENT_TARGET = 14.4;
				MTL_ENABLE_DEBUG_INFO = INCLUDE_SOURCE;
				MTL_FAST_MATH = YES;
				ONLY_ACTIVE_ARCH = YES;
				SDKROOT = iphoneos;
				SWIFT_ACTIVE_COMPILATION_CONDITIONS = DEBUG;
				SWIFT_OPTIMIZATION_LEVEL = "-Onone";
			};
			name = Debug;
		};
		84355CAD263C015E00ACE3AB /* Release */ = {
			isa = XCBuildConfiguration;
			buildSettings = {
				ALWAYS_SEARCH_USER_PATHS = NO;
				CLANG_ANALYZER_NONNULL = YES;
				CLANG_ANALYZER_NUMBER_OBJECT_CONVERSION = YES_AGGRESSIVE;
				CLANG_CXX_LANGUAGE_STANDARD = "gnu++14";
				CLANG_CXX_LIBRARY = "libc++";
				CLANG_ENABLE_MODULES = YES;
				CLANG_ENABLE_OBJC_ARC = YES;
				CLANG_ENABLE_OBJC_WEAK = YES;
				CLANG_WARN_BLOCK_CAPTURE_AUTORELEASING = YES;
				CLANG_WARN_BOOL_CONVERSION = YES;
				CLANG_WARN_COMMA = YES;
				CLANG_WARN_CONSTANT_CONVERSION = YES;
				CLANG_WARN_DEPRECATED_OBJC_IMPLEMENTATIONS = YES;
				CLANG_WARN_DIRECT_OBJC_ISA_USAGE = YES_ERROR;
				CLANG_WARN_DOCUMENTATION_COMMENTS = YES;
				CLANG_WARN_EMPTY_BODY = YES;
				CLANG_WARN_ENUM_CONVERSION = YES;
				CLANG_WARN_INFINITE_RECURSION = YES;
				CLANG_WARN_INT_CONVERSION = YES;
				CLANG_WARN_NON_LITERAL_NULL_CONVERSION = YES;
				CLANG_WARN_OBJC_IMPLICIT_RETAIN_SELF = YES;
				CLANG_WARN_OBJC_LITERAL_CONVERSION = YES;
				CLANG_WARN_OBJC_ROOT_CLASS = YES_ERROR;
				CLANG_WARN_QUOTED_INCLUDE_IN_FRAMEWORK_HEADER = YES;
				CLANG_WARN_RANGE_LOOP_ANALYSIS = YES;
				CLANG_WARN_STRICT_PROTOTYPES = YES;
				CLANG_WARN_SUSPICIOUS_MOVE = YES;
				CLANG_WARN_UNGUARDED_AVAILABILITY = YES_AGGRESSIVE;
				CLANG_WARN_UNREACHABLE_CODE = YES;
				CLANG_WARN__DUPLICATE_METHOD_MATCH = YES;
				COPY_PHASE_STRIP = NO;
				DEBUG_INFORMATION_FORMAT = "dwarf-with-dsym";
				ENABLE_NS_ASSERTIONS = NO;
				ENABLE_STRICT_OBJC_MSGSEND = YES;
				GCC_C_LANGUAGE_STANDARD = gnu11;
				GCC_NO_COMMON_BLOCKS = YES;
				GCC_WARN_64_TO_32_BIT_CONVERSION = YES;
				GCC_WARN_ABOUT_RETURN_TYPE = YES_ERROR;
				GCC_WARN_UNDECLARED_SELECTOR = YES;
				GCC_WARN_UNINITIALIZED_AUTOS = YES_AGGRESSIVE;
				GCC_WARN_UNUSED_FUNCTION = YES;
				GCC_WARN_UNUSED_VARIABLE = YES;
				IPHONEOS_DEPLOYMENT_TARGET = 14.4;
				MTL_ENABLE_DEBUG_INFO = NO;
				MTL_FAST_MATH = YES;
				SDKROOT = iphoneos;
				SWIFT_COMPILATION_MODE = wholemodule;
				SWIFT_OPTIMIZATION_LEVEL = "-O";
				VALIDATE_PRODUCT = YES;
			};
			name = Release;
		};
		84355CAF263C015E00ACE3AB /* Debug */ = {
			isa = XCBuildConfiguration;
			buildSettings = {
				ASSETCATALOG_COMPILER_APPICON_NAME = AppIcon;
				ASSETCATALOG_COMPILER_GLOBAL_ACCENT_COLOR_NAME = AccentColor;
				CODE_SIGN_STYLE = Automatic;
				DEVELOPMENT_TEAM = BDXRLF8754;
				INFOPLIST_FILE = CaculatorApp/Info.plist;
				LD_RUNPATH_SEARCH_PATHS = (
					"$(inherited)",
					"@executable_path/Frameworks",
				);
				PRODUCT_BUNDLE_IDENTIFIER = IOSProject.CaculatorApp;
				PRODUCT_NAME = "$(TARGET_NAME)";
				SWIFT_VERSION = 5.0;
				TARGETED_DEVICE_FAMILY = "1,2";
			};
			name = Debug;
		};
		84355CB0263C015E00ACE3AB /* Release */ = {
			isa = XCBuildConfiguration;
			buildSettings = {
				ASSETCATALOG_COMPILER_APPICON_NAME = AppIcon;
				ASSETCATALOG_COMPILER_GLOBAL_ACCENT_COLOR_NAME = AccentColor;
				CODE_SIGN_STYLE = Automatic;
				DEVELOPMENT_TEAM = BDXRLF8754;
				INFOPLIST_FILE = CaculatorApp/Info.plist;
				LD_RUNPATH_SEARCH_PATHS = (
					"$(inherited)",
					"@executable_path/Frameworks",
				);
				PRODUCT_BUNDLE_IDENTIFIER = IOSProject.CaculatorApp;
				PRODUCT_NAME = "$(TARGET_NAME)";
				SWIFT_VERSION = 5.0;
				TARGETED_DEVICE_FAMILY = "1,2";
			};
			name = Release;
		};
/* End XCBuildConfiguration section */

/* Begin XCConfigurationList section */
		84355C95263C015500ACE3AB /* Build configuration list for PBXProject "CaculatorApp" */ = {
			isa = XCConfigurationList;
			buildConfigurations = (
				84355CAC263C015E00ACE3AB /* Debug */,
				84355CAD263C015E00ACE3AB /* Release */,
			);
			defaultConfigurationIsVisible = 0;
			defaultConfigurationName = Release;
		};
		84355CAE263C015E00ACE3AB /* Build configuration list for PBXNativeTarget "CaculatorApp" */ = {
			isa = XCConfigurationList;
			buildConfigurations = (
				84355CAF263C015E00ACE3AB /* Debug */,
				84355CB0263C015E00ACE3AB /* Release */,
			);
			defaultConfigurationIsVisible = 0;
			defaultConfigurationName = Release;
		};
/* End XCConfigurationList section */
	};
	rootObject = 84355C92263C015500ACE3AB /* Project object */;
}
